
Microsoft Visual Studio Solution File, Format Version 12.00
# Visual Studio Version 17
VisualStudioVersion = 17.2.32616.157
MinimumVisualStudioVersion = 10.0.40219.1
Project("{FAE04EC0-301F-11D3-BF4B-00C04F79EFBC}") = "FanControl.AsusWMI", "FanControl.AsusWMI.csproj", "{FA1AE57A-06C8-451B-8B34-E74D28F0F783}"
EndProject
Global
	GlobalSection(SolutionConfigurationPlatforms) = preSolution
		Debug|Any CPU = Debug|Any CPU
		Release|Any CPU = Release|Any CPU
	EndGlobalSection
	GlobalSection(ProjectConfigurationPlatforms) = postSolution
		{FA1AE57A-06C8-451B-8B34-E74D28F0F783}.Debug|Any CPU.ActiveCfg = Debug|Any CPU
		{FA1AE57A-06C8-451B-8B34-E74D28F0F783}.Debug|Any CPU.Build.0 = Debug|Any CPU
		{FA1AE57A-06C8-451B-8B34-E74D28F0F783}.Release|Any CPU.ActiveCfg = Release|Any CPU
		{FA1AE57A-06C8-451B-8B34-E74D28F0F783}.Release|Any CPU.Build.0 = Release|Any CPU
	EndGlobalSection
	GlobalSection(SolutionProperties) = preSolution
		HideSolutionNode = FALSE
	EndGlobalSection
	GlobalSection(ExtensibilityGlobals) = postSolution
		SolutionGuid = {E9EBA442-FBD0-41B2-B125-FBF7EAA8EB59}
	EndGlobalSection
EndGlobal
